
Microsoft Visual Studio Solution File, Format Version 12.00
# Visual Studio Version 17
VisualStudioVersion = 17.12.35527.113 d17.12
MinimumVisualStudioVersion = 10.0.40219.1
Project("{FAE04EC0-301F-11D3-BF4B-00C04F79EFBC}") = "TestApp", "TestApp\TestApp.csproj", "{C30D30AB-F1B0-462D-B4D6-008EDDE23A09}"
EndProject
Global
	GlobalSection(SolutionConfigurationPlatforms) = preSolution
		Debug|Any CPU = Debug|Any CPU
		Release|Any CPU = Release|Any CPU
	EndGlobalSection
	GlobalSection(ProjectConfigurationPlatforms) = postSolution
		{C30D30AB-F1B0-462D-B4D6-008EDDE23A09}.Debug|Any CPU.ActiveCfg = Debug|Any CPU
		{C30D30AB-F1B0-462D-B4D6-008EDDE23A09}.Debug|Any CPU.Build.0 = Debug|Any CPU
		{C30D30AB-F1B0-462D-B4D6-008EDDE23A09}.Release|Any CPU.ActiveCfg = Release|Any CPU
		{C30D30AB-F1B0-462D-B4D6-008EDDE23A09}.Release|Any CPU.Build.0 = Release|Any CPU
	EndGlobalSection
	GlobalSection(SolutionProperties) = preSolution
		HideSolutionNode = FALSE
	EndGlobalSection
EndGlobal
